// !$*UTF8*$!
{
	archiveVersion = 1;
	classes = {
	};
	objectVersion = 46;
	objects = {

/* Begin PBXBuildFile section */
		4D5E2D7F1E367DA600247550 /* DiagramComponentView.swift in Sources */ = {isa = PBXBuildFile; fileRef = 4D5E2D7E1E367DA600247550 /* DiagramComponentView.swift */; };
		4D5E2D811E36823500247550 /* UIExtensions.swift in Sources */ = {isa = PBXBuildFile; fileRef = 4D5E2D801E36823500247550 /* UIExtensions.swift */; };
		4D63DD501E3A71F7001AB307 /* Router.swift in Sources */ = {isa = PBXBuildFile; fileRef = 4D63DD4F1E3A71F7001AB307 /* Router.swift */; };
		4D7045991E31662B00591E20 /* PillButton.swift in Sources */ = {isa = PBXBuildFile; fileRef = 4D7045981E31662B00591E20 /* PillButton.swift */; };
		4D70459B1E316F6500591E20 /* StartToTestAnimator.swift in Sources */ = {isa = PBXBuildFile; fileRef = 4D70459A1E316F6500591E20 /* StartToTestAnimator.swift */; };
		4D7045A11E31755200591E20 /* StartUpViewControllerExtensions.swift in Sources */ = {isa = PBXBuildFile; fileRef = 4D7045A01E31755200591E20 /* StartUpViewControllerExtensions.swift */; };
		4D7045A31E31C1AE00591E20 /* PillLabel.swift in Sources */ = {isa = PBXBuildFile; fileRef = 4D7045A21E31C1AE00591E20 /* PillLabel.swift */; };
		4DFF25751E31CAA600E13146 /* CircleButton.swift in Sources */ = {isa = PBXBuildFile; fileRef = 4DFF25741E31CAA600E13146 /* CircleButton.swift */; };
		C6CC1CB41E3019AD00F4CDD1 /* TestSelectViewController.swift in Sources */ = {isa = PBXBuildFile; fileRef = C6CC1CB31E3019AD00F4CDD1 /* TestSelectViewController.swift */; };
		C6CC1CB61E301BBA00F4CDD1 /* VerticalTestViewController.swift in Sources */ = {isa = PBXBuildFile; fileRef = C6CC1CB51E301BBA00F4CDD1 /* VerticalTestViewController.swift */; };
		C6CC1CB81E301BC500F4CDD1 /* HorizontalTestViewController.swift in Sources */ = {isa = PBXBuildFile; fileRef = C6CC1CB71E301BC500F4CDD1 /* HorizontalTestViewController.swift */; };
		C6CD39DC1E2EC80E004BC44B /* AppDelegate.swift in Sources */ = {isa = PBXBuildFile; fileRef = C6CD39DB1E2EC80E004BC44B /* AppDelegate.swift */; };
		C6CD39DE1E2EC80E004BC44B /* StartUpViewController.swift in Sources */ = {isa = PBXBuildFile; fileRef = C6CD39DD1E2EC80E004BC44B /* StartUpViewController.swift */; };
		C6CD39E11E2EC80E004BC44B /* Main.storyboard in Resources */ = {isa = PBXBuildFile; fileRef = C6CD39DF1E2EC80E004BC44B /* Main.storyboard */; };
		C6CD39E31E2EC80E004BC44B /* Assets.xcassets in Resources */ = {isa = PBXBuildFile; fileRef = C6CD39E21E2EC80E004BC44B /* Assets.xcassets */; };
		C6CD39E61E2EC80E004BC44B /* LaunchScreen.storyboard in Resources */ = {isa = PBXBuildFile; fileRef = C6CD39E41E2EC80E004BC44B /* LaunchScreen.storyboard */; };
/* End PBXBuildFile section */

/* Begin PBXFileReference section */
		4D5E2D7E1E367DA600247550 /* DiagramComponentView.swift */ = {isa = PBXFileReference; fileEncoding = 4; lastKnownFileType = sourcecode.swift; path = DiagramComponentView.swift; sourceTree = "<group>"; };
		4D5E2D801E36823500247550 /* UIExtensions.swift */ = {isa = PBXFileReference; fileEncoding = 4; lastKnownFileType = sourcecode.swift; path = UIExtensions.swift; sourceTree = "<group>"; };
		4D63DD4F1E3A71F7001AB307 /* Router.swift */ = {isa = PBXFileReference; fileEncoding = 4; lastKnownFileType = sourcecode.swift; path = Router.swift; sourceTree = "<group>"; };
		4D7045981E31662B00591E20 /* PillButton.swift */ = {isa = PBXFileReference; fileEncoding = 4; lastKnownFileType = sourcecode.swift; path = PillButton.swift; sourceTree = "<group>"; };
		4D70459A1E316F6500591E20 /* StartToTestAnimator.swift */ = {isa = PBXFileReference; fileEncoding = 4; lastKnownFileType = sourcecode.swift; path = StartToTestAnimator.swift; sourceTree = "<group>"; };
		4D7045A01E31755200591E20 /* StartUpViewControllerExtensions.swift */ = {isa = PBXFileReference; fileEncoding = 4; lastKnownFileType = sourcecode.swift; path = StartUpViewControllerExtensions.swift; sourceTree = "<group>"; };
		4D7045A21E31C1AE00591E20 /* PillLabel.swift */ = {isa = PBXFileReference; fileEncoding = 4; lastKnownFileType = sourcecode.swift; path = PillLabel.swift; sourceTree = "<group>"; };
		4DFF25741E31CAA600E13146 /* CircleButton.swift */ = {isa = PBXFileReference; fileEncoding = 4; lastKnownFileType = sourcecode.swift; path = CircleButton.swift; sourceTree = "<group>"; };
		C6CC1CB31E3019AD00F4CDD1 /* TestSelectViewController.swift */ = {isa = PBXFileReference; fileEncoding = 4; lastKnownFileType = sourcecode.swift; path = TestSelectViewController.swift; sourceTree = "<group>"; };
		C6CC1CB51E301BBA00F4CDD1 /* VerticalTestViewController.swift */ = {isa = PBXFileReference; fileEncoding = 4; lastKnownFileType = sourcecode.swift; path = VerticalTestViewController.swift; sourceTree = "<group>"; };
		C6CC1CB71E301BC500F4CDD1 /* HorizontalTestViewController.swift */ = {isa = PBXFileReference; fileEncoding = 4; lastKnownFileType = sourcecode.swift; path = HorizontalTestViewController.swift; sourceTree = "<group>"; };
		C6CD39D81E2EC80E004BC44B /* iEye.app */ = {isa = PBXFileReference; explicitFileType = wrapper.application; includeInIndex = 0; path = iEye.app; sourceTree = BUILT_PRODUCTS_DIR; };
		C6CD39DB1E2EC80E004BC44B /* AppDelegate.swift */ = {isa = PBXFileReference; lastKnownFileType = sourcecode.swift; path = AppDelegate.swift; sourceTree = "<group>"; };
		C6CD39DD1E2EC80E004BC44B /* StartUpViewController.swift */ = {isa = PBXFileReference; lastKnownFileType = sourcecode.swift; path = StartUpViewController.swift; sourceTree = "<group>"; };
		C6CD39E01E2EC80E004BC44B /* Base */ = {isa = PBXFileReference; lastKnownFileType = file.storyboard; name = Base; path = Base.lproj/Main.storyboard; sourceTree = "<group>"; };
		C6CD39E21E2EC80E004BC44B /* Assets.xcassets */ = {isa = PBXFileReference; lastKnownFileType = folder.assetcatalog; name = Assets.xcassets; path = iEye/Assets.xcassets; sourceTree = "<group>"; };
		C6CD39E51E2EC80E004BC44B /* Base */ = {isa = PBXFileReference; lastKnownFileType = file.storyboard; name = Base; path = Base.lproj/LaunchScreen.storyboard; sourceTree = "<group>"; };
		C6CD39E71E2EC80E004BC44B /* Info.plist */ = {isa = PBXFileReference; lastKnownFileType = text.plist.xml; name = Info.plist; path = iEye/Info.plist; sourceTree = "<group>"; };
/* End PBXFileReference section */

/* Begin PBXFrameworksBuildPhase section */
		C6CD39D51E2EC80E004BC44B /* Frameworks */ = {
			isa = PBXFrameworksBuildPhase;
			buildActionMask = 2147483647;
			files = (
			);
			runOnlyForDeploymentPostprocessing = 0;
		};
/* End PBXFrameworksBuildPhase section */

/* Begin PBXGroup section */
		4D70459C1E316F7000591E20 /* Animators */ = {
			isa = PBXGroup;
			children = (
				4D70459A1E316F6500591E20 /* StartToTestAnimator.swift */,
			);
			name = Animators;
			sourceTree = "<group>";
		};
		4D70459D1E316F7E00591E20 /* UI Elements */ = {
			isa = PBXGroup;
			children = (
				4D5E2D801E36823500247550 /* UIExtensions.swift */,
				4D7045981E31662B00591E20 /* PillButton.swift */,
				4DFF25741E31CAA600E13146 /* CircleButton.swift */,
				4D7045A21E31C1AE00591E20 /* PillLabel.swift */,
				4D5E2D7E1E367DA600247550 /* DiagramComponentView.swift */,
			);
			name = "UI Elements";
			sourceTree = "<group>";
		};
		C6CC1CB91E301BD500F4CDD1 /* View Controllers */ = {
			isa = PBXGroup;
			children = (
				C6CD39DD1E2EC80E004BC44B /* StartUpViewController.swift */,
				4D7045A01E31755200591E20 /* StartUpViewControllerExtensions.swift */,
				C6CC1CB31E3019AD00F4CDD1 /* TestSelectViewController.swift */,
				C6CC1CB71E301BC500F4CDD1 /* HorizontalTestViewController.swift */,
				C6CC1CB51E301BBA00F4CDD1 /* VerticalTestViewController.swift */,
			);
			name = "View Controllers";
			sourceTree = "<group>";
		};
		C6CD39CF1E2EC80E004BC44B = {
			isa = PBXGroup;
			children = (
				C6CD39DA1E2EC80E004BC44B /* iEye */,
				C6CD39D91E2EC80E004BC44B /* Products */,
				C6CD39DF1E2EC80E004BC44B /* Main.storyboard */,
				C6CD39E41E2EC80E004BC44B /* LaunchScreen.storyboard */,
				C6CD39E71E2EC80E004BC44B /* Info.plist */,
				C6CD39E21E2EC80E004BC44B /* Assets.xcassets */,
			);
			sourceTree = "<group>";
		};
		C6CD39D91E2EC80E004BC44B /* Products */ = {
			isa = PBXGroup;
			children = (
				C6CD39D81E2EC80E004BC44B /* iEye.app */,
			);
			name = Products;
			sourceTree = "<group>";
		};
		C6CD39DA1E2EC80E004BC44B /* iEye */ = {
			isa = PBXGroup;
			children = (
				C6CD39DB1E2EC80E004BC44B /* AppDelegate.swift */,
				4D63DD4F1E3A71F7001AB307 /* Router.swift */,
				C6CC1CB91E301BD500F4CDD1 /* View Controllers */,
				4D70459D1E316F7E00591E20 /* UI Elements */,
				4D70459C1E316F7000591E20 /* Animators */,
			);
			path = iEye;
			sourceTree = "<group>";
		};
/* End PBXGroup section */

/* Begin PBXNativeTarget section */
		C6CD39D71E2EC80E004BC44B /* iEye */ = {
			isa = PBXNativeTarget;
			buildConfigurationList = C6CD39EA1E2EC80E004BC44B /* Build configuration list for PBXNativeTarget "iEye" */;
			buildPhases = (
				C6CD39D41E2EC80E004BC44B /* Sources */,
				C6CD39D51E2EC80E004BC44B /* Frameworks */,
				C6CD39D61E2EC80E004BC44B /* Resources */,
			);
			buildRules = (
			);
			dependencies = (
			);
			name = iEye;
			productName = iEye;
			productReference = C6CD39D81E2EC80E004BC44B /* iEye.app */;
			productType = "com.apple.product-type.application";
		};
/* End PBXNativeTarget section */

/* Begin PBXProject section */
		C6CD39D01E2EC80E004BC44B /* Project object */ = {
			isa = PBXProject;
			attributes = {
				LastSwiftUpdateCheck = 0820;
				LastUpgradeCheck = 0820;
				ORGANIZATIONNAME = Incipia;
				TargetAttributes = {
					C6CD39D71E2EC80E004BC44B = {
						CreatedOnToolsVersion = 8.2.1;
						DevelopmentTeam = LF3T92TNXL;
						ProvisioningStyle = Automatic;
					};
				};
			};
			buildConfigurationList = C6CD39D31E2EC80E004BC44B /* Build configuration list for PBXProject "iEye" */;
			compatibilityVersion = "Xcode 3.2";
			developmentRegion = English;
			hasScannedForEncodings = 0;
			knownRegions = (
				en,
				Base,
			);
			mainGroup = C6CD39CF1E2EC80E004BC44B;
			productRefGroup = C6CD39D91E2EC80E004BC44B /* Products */;
			projectDirPath = "";
			projectRoot = "";
			targets = (
				C6CD39D71E2EC80E004BC44B /* iEye */,
			);
		};
/* End PBXProject section */

/* Begin PBXResourcesBuildPhase section */
		C6CD39D61E2EC80E004BC44B /* Resources */ = {
			isa = PBXResourcesBuildPhase;
			buildActionMask = 2147483647;
			files = (
				C6CD39E61E2EC80E004BC44B /* LaunchScreen.storyboard in Resources */,
				C6CD39E31E2EC80E004BC44B /* Assets.xcassets in Resources */,
				C6CD39E11E2EC80E004BC44B /* Main.storyboard in Resources */,
			);
			runOnlyForDeploymentPostprocessing = 0;
		};
/* End PBXResourcesBuildPhase section */

/* Begin PBXSourcesBuildPhase section */
		C6CD39D41E2EC80E004BC44B /* Sources */ = {
			isa = PBXSourcesBuildPhase;
			buildActionMask = 2147483647;
			files = (
				4D7045991E31662B00591E20 /* PillButton.swift in Sources */,
				C6CC1CB41E3019AD00F4CDD1 /* TestSelectViewController.swift in Sources */,
				4D5E2D7F1E367DA600247550 /* DiagramComponentView.swift in Sources */,
				4D5E2D811E36823500247550 /* UIExtensions.swift in Sources */,
				4D7045A11E31755200591E20 /* StartUpViewControllerExtensions.swift in Sources */,
				C6CC1CB61E301BBA00F4CDD1 /* VerticalTestViewController.swift in Sources */,
				C6CC1CB81E301BC500F4CDD1 /* HorizontalTestViewController.swift in Sources */,
				4DFF25751E31CAA600E13146 /* CircleButton.swift in Sources */,
				C6CD39DE1E2EC80E004BC44B /* StartUpViewController.swift in Sources */,
				4D7045A31E31C1AE00591E20 /* PillLabel.swift in Sources */,
				C6CD39DC1E2EC80E004BC44B /* AppDelegate.swift in Sources */,
				4D70459B1E316F6500591E20 /* StartToTestAnimator.swift in Sources */,
				4D63DD501E3A71F7001AB307 /* Router.swift in Sources */,
			);
			runOnlyForDeploymentPostprocessing = 0;
		};
/* End PBXSourcesBuildPhase section */

/* Begin PBXVariantGroup section */
		C6CD39DF1E2EC80E004BC44B /* Main.storyboard */ = {
			isa = PBXVariantGroup;
			children = (
				C6CD39E01E2EC80E004BC44B /* Base */,
			);
			name = Main.storyboard;
			path = iEye;
			sourceTree = "<group>";
		};
		C6CD39E41E2EC80E004BC44B /* LaunchScreen.storyboard */ = {
			isa = PBXVariantGroup;
			children = (
				C6CD39E51E2EC80E004BC44B /* Base */,
			);
			name = LaunchScreen.storyboard;
			path = iEye;
			sourceTree = "<group>";
		};
/* End PBXVariantGroup section */

/* Begin XCBuildConfiguration section */
		C6CD39E81E2EC80E004BC44B /* Debug */ = {
			isa = XCBuildConfiguration;
			buildSettings = {
				ALWAYS_SEARCH_USER_PATHS = NO;
				CLANG_ANALYZER_NONNULL = YES;
				CLANG_CXX_LANGUAGE_STANDARD = "gnu++0x";
				CLANG_CXX_LIBRARY = "libc++";
				CLANG_ENABLE_MODULES = YES;
				CLANG_ENABLE_OBJC_ARC = YES;
				CLANG_WARN_BOOL_CONVERSION = YES;
				CLANG_WARN_CONSTANT_CONVERSION = YES;
				CLANG_WARN_DIRECT_OBJC_ISA_USAGE = YES_ERROR;
				CLANG_WARN_DOCUMENTATION_COMMENTS = YES;
				CLANG_WARN_EMPTY_BODY = YES;
				CLANG_WARN_ENUM_CONVERSION = YES;
				CLANG_WARN_INFINITE_RECURSION = YES;
				CLANG_WARN_INT_CONVERSION = YES;
				CLANG_WARN_OBJC_ROOT_CLASS = YES_ERROR;
				CLANG_WARN_SUSPICIOUS_MOVE = YES;
				CLANG_WARN_UNREACHABLE_CODE = YES;
				CLANG_WARN__DUPLICATE_METHOD_MATCH = YES;
				"CODE_SIGN_IDENTITY[sdk=iphoneos*]" = "iPhone Developer";
				COPY_PHASE_STRIP = NO;
				DEBUG_INFORMATION_FORMAT = dwarf;
				ENABLE_STRICT_OBJC_MSGSEND = YES;
				ENABLE_TESTABILITY = YES;
				GCC_C_LANGUAGE_STANDARD = gnu99;
				GCC_DYNAMIC_NO_PIC = NO;
				GCC_NO_COMMON_BLOCKS = YES;
				GCC_OPTIMIZATION_LEVEL = 0;
				GCC_PREPROCESSOR_DEFINITIONS = (
					"DEBUG=1",
					"$(inherited)",
				);
				GCC_WARN_64_TO_32_BIT_CONVERSION = YES;
				GCC_WARN_ABOUT_RETURN_TYPE = YES_ERROR;
				GCC_WARN_UNDECLARED_SELECTOR = YES;
				GCC_WARN_UNINITIALIZED_AUTOS = YES_AGGRESSIVE;
				GCC_WARN_UNUSED_FUNCTION = YES;
				GCC_WARN_UNUSED_VARIABLE = YES;
				IPHONEOS_DEPLOYMENT_TARGET = 10.2;
				MTL_ENABLE_DEBUG_INFO = YES;
				ONLY_ACTIVE_ARCH = YES;
				SDKROOT = iphoneos;
				SWIFT_ACTIVE_COMPILATION_CONDITIONS = DEBUG;
				SWIFT_OPTIMIZATION_LEVEL = "-Onone";
				TARGETED_DEVICE_FAMILY = 2;
			};
			name = Debug;
		};
		C6CD39E91E2EC80E004BC44B /* Release */ = {
			isa = XCBuildConfiguration;
			buildSettings = {
				ALWAYS_SEARCH_USER_PATHS = NO;
				CLANG_ANALYZER_NONNULL = YES;
				CLANG_CXX_LANGUAGE_STANDARD = "gnu++0x";
				CLANG_CXX_LIBRARY = "libc++";
				CLANG_ENABLE_MODULES = YES;
				CLANG_ENABLE_OBJC_ARC = YES;
				CLANG_WARN_BOOL_CONVERSION = YES;
				CLANG_WARN_CONSTANT_CONVERSION = YES;
				CLANG_WARN_DIRECT_OBJC_ISA_USAGE = YES_ERROR;
				CLANG_WARN_DOCUMENTATION_COMMENTS = YES;
				CLANG_WARN_EMPTY_BODY = YES;
				CLANG_WARN_ENUM_CONVERSION = YES;
				CLANG_WARN_INFINITE_RECURSION = YES;
				CLANG_WARN_INT_CONVERSION = YES;
				CLANG_WARN_OBJC_ROOT_CLASS = YES_ERROR;
				CLANG_WARN_SUSPICIOUS_MOVE = YES;
				CLANG_WARN_UNREACHABLE_CODE = YES;
				CLANG_WARN__DUPLICATE_METHOD_MATCH = YES;
				"CODE_SIGN_IDENTITY[sdk=iphoneos*]" = "iPhone Developer";
				COPY_PHASE_STRIP = NO;
				DEBUG_INFORMATION_FORMAT = "dwarf-with-dsym";
				ENABLE_NS_ASSERTIONS = NO;
				ENABLE_STRICT_OBJC_MSGSEND = YES;
				GCC_C_LANGUAGE_STANDARD = gnu99;
				GCC_NO_COMMON_BLOCKS = YES;
				GCC_WARN_64_TO_32_BIT_CONVERSION = YES;
				GCC_WARN_ABOUT_RETURN_TYPE = YES_ERROR;
				GCC_WARN_UNDECLARED_SELECTOR = YES;
				GCC_WARN_UNINITIALIZED_AUTOS = YES_AGGRESSIVE;
				GCC_WARN_UNUSED_FUNCTION = YES;
				GCC_WARN_UNUSED_VARIABLE = YES;
				IPHONEOS_DEPLOYMENT_TARGET = 10.2;
				MTL_ENABLE_DEBUG_INFO = NO;
				SDKROOT = iphoneos;
				SWIFT_OPTIMIZATION_LEVEL = "-Owholemodule";
				TARGETED_DEVICE_FAMILY = 2;
				VALIDATE_PRODUCT = YES;
			};
			name = Release;
		};
		C6CD39EB1E2EC80E004BC44B /* Debug */ = {
			isa = XCBuildConfiguration;
			buildSettings = {
				ASSETCATALOG_COMPILER_APPICON_NAME = AppIcon;
				DEVELOPMENT_TEAM = LF3T92TNXL;
				INFOPLIST_FILE = iEye/Info.plist;
				LD_RUNPATH_SEARCH_PATHS = "$(inherited) @executable_path/Frameworks";
				PRODUCT_BUNDLE_IDENTIFIER = com.incipia.iEye;
				PRODUCT_NAME = "$(TARGET_NAME)";
				SWIFT_VERSION = 3.0;
			};
			name = Debug;
		};
		C6CD39EC1E2EC80E004BC44B /* Release */ = {
			isa = XCBuildConfiguration;
			buildSettings = {
				ASSETCATALOG_COMPILER_APPICON_NAME = AppIcon;
				DEVELOPMENT_TEAM = LF3T92TNXL;
				INFOPLIST_FILE = iEye/Info.plist;
				LD_RUNPATH_SEARCH_PATHS = "$(inherited) @executable_path/Frameworks";
				PRODUCT_BUNDLE_IDENTIFIER = com.incipia.iEye;
				PRODUCT_NAME = "$(TARGET_NAME)";
				SWIFT_VERSION = 3.0;
			};
			name = Release;
		};
/* End XCBuildConfiguration section */

/* Begin XCConfigurationList section */
		C6CD39D31E2EC80E004BC44B /* Build configuration list for PBXProject "iEye" */ = {
			isa = XCConfigurationList;
			buildConfigurations = (
				C6CD39E81E2EC80E004BC44B /* Debug */,
				C6CD39E91E2EC80E004BC44B /* Release */,
			);
			defaultConfigurationIsVisible = 0;
			defaultConfigurationName = Release;
		};
		C6CD39EA1E2EC80E004BC44B /* Build configuration list for PBXNativeTarget "iEye" */ = {
			isa = XCConfigurationList;
			buildConfigurations = (
				C6CD39EB1E2EC80E004BC44B /* Debug */,
				C6CD39EC1E2EC80E004BC44B /* Release */,
			);
			defaultConfigurationIsVisible = 0;
			defaultConfigurationName = Release;
		};
/* End XCConfigurationList section */
	};
	rootObject = C6CD39D01E2EC80E004BC44B /* Project object */;
}
